
Microsoft Visual Studio Solution File, Format Version 12.00
# Visual Studio Version 16
VisualStudioVersion = 16.0.31829.152
MinimumVisualStudioVersion = 10.0.40219.1
Project("{FAE04EC0-301F-11D3-BF4B-00C04F79EFBC}") = "MB_DONNEES", "MB_DONNEES\MB_DONNEES.csproj", "{C3E81FF0-40B4-4044-9FD2-AA33B10609FC}"
EndProject
Project("{FAE04EC0-301F-11D3-BF4B-00C04F79EFBC}") = "MB_METIER", "MB_METIER\MB_METIER.csproj", "{4BD717B1-7D9C-4A73-A81E-4B34D25BA454}"
EndProject
Project("{FAE04EC0-301F-11D3-BF4B-00C04F79EFBC}") = "MB_PRESENTATION", "MB_PRESENTATION\MB_PRESENTATION.csproj", "{6D729522-000B-4399-A860-019C677BC119}"
EndProject
Global
	GlobalSection(SolutionConfigurationPlatforms) = preSolution
		Debug|Any CPU = Debug|Any CPU
		Release|Any CPU = Release|Any CPU
	EndGlobalSection
	GlobalSection(ProjectConfigurationPlatforms) = postSolution
		{C3E81FF0-40B4-4044-9FD2-AA33B10609FC}.Debug|Any CPU.ActiveCfg = Debug|Any CPU
		{C3E81FF0-40B4-4044-9FD2-AA33B10609FC}.Debug|Any CPU.Build.0 = Debug|Any CPU
		{C3E81FF0-40B4-4044-9FD2-AA33B10609FC}.Release|Any CPU.ActiveCfg = Release|Any CPU
		{C3E81FF0-40B4-4044-9FD2-AA33B10609FC}.Release|Any CPU.Build.0 = Release|Any CPU
		{4BD717B1-7D9C-4A73-A81E-4B34D25BA454}.Debug|Any CPU.ActiveCfg = Debug|Any CPU
		{4BD717B1-7D9C-4A73-A81E-4B34D25BA454}.Debug|Any CPU.Build.0 = Debug|Any CPU
		{4BD717B1-7D9C-4A73-A81E-4B34D25BA454}.Release|Any CPU.ActiveCfg = Release|Any CPU
		{4BD717B1-7D9C-4A73-A81E-4B34D25BA454}.Release|Any CPU.Build.0 = Release|Any CPU
		{6D729522-000B-4399-A860-019C677BC119}.Debug|Any CPU.ActiveCfg = Debug|Any CPU
		{6D729522-000B-4399-A860-019C677BC119}.Debug|Any CPU.Build.0 = Debug|Any CPU
		{6D729522-000B-4399-A860-019C677BC119}.Release|Any CPU.ActiveCfg = Release|Any CPU
		{6D729522-000B-4399-A860-019C677BC119}.Release|Any CPU.Build.0 = Release|Any CPU
	EndGlobalSection
	GlobalSection(SolutionProperties) = preSolution
		HideSolutionNode = FALSE
	EndGlobalSection
	GlobalSection(ExtensibilityGlobals) = postSolution
		SolutionGuid = {C9AF44F0-E927-40EA-83BC-24C50FF24EA1}
	EndGlobalSection
EndGlobal
